// !$*UTF8*$!
{
	archiveVersion = 1;
	classes = {
	};
	objectVersion = 56;
	objects = {

/* Begin PBXBuildFile section */
		3032FDE9299D078F00826BF4 /* DataModel.xcdatamodeld in Sources */ = {isa = PBXBuildFile; fileRef = 3032FDE7299D078F00826BF4 /* DataModel.xcdatamodeld */; };
		3032FDF0299D094D00826BF4 /* MovieDetailLocal+CoreDataClass.swift in Sources */ = {isa = PBXBuildFile; fileRef = 3032FDEE299D094D00826BF4 /* MovieDetailLocal+CoreDataClass.swift */; };
		3032FDF1299D094D00826BF4 /* MovieDetailLocal+CoreDataProperties.swift in Sources */ = {isa = PBXBuildFile; fileRef = 3032FDEF299D094D00826BF4 /* MovieDetailLocal+CoreDataProperties.swift */; };
		3049D9AF29983D7300BF1A1F /* SearchMovieViewModel.swift in Sources */ = {isa = PBXBuildFile; fileRef = 3049D9AE29983D7300BF1A1F /* SearchMovieViewModel.swift */; };
		3049D9B229983DB100BF1A1F /* NetworkingLayer.swift in Sources */ = {isa = PBXBuildFile; fileRef = 3049D9B129983DB100BF1A1F /* NetworkingLayer.swift */; };
		3049D9B529983E0A00BF1A1F /* Alamofire in Frameworks */ = {isa = PBXBuildFile; productRef = 3049D9B429983E0A00BF1A1F /* Alamofire */; };
		3049D9B929983EAD00BF1A1F /* SearchMovieRepository.swift in Sources */ = {isa = PBXBuildFile; fileRef = 3049D9B829983EAD00BF1A1F /* SearchMovieRepository.swift */; };
		3049D9BB29983FC200BF1A1F /* SearchResult.swift in Sources */ = {isa = PBXBuildFile; fileRef = 3049D9BA29983FC200BF1A1F /* SearchResult.swift */; };
		3049D9BD29983FDC00BF1A1F /* Search.swift in Sources */ = {isa = PBXBuildFile; fileRef = 3049D9BC29983FDC00BF1A1F /* Search.swift */; };
		3049D9C02998440300BF1A1F /* RxSwift in Frameworks */ = {isa = PBXBuildFile; productRef = 3049D9BF2998440300BF1A1F /* RxSwift */; };
		3049D9C329984B0400BF1A1F /* ResultsViewController.swift in Sources */ = {isa = PBXBuildFile; fileRef = 3049D9C229984B0400BF1A1F /* ResultsViewController.swift */; };
		3049D9C629984BAB00BF1A1F /* SearchItemCell.swift in Sources */ = {isa = PBXBuildFile; fileRef = 3049D9C529984BAB00BF1A1F /* SearchItemCell.swift */; };
		3049D9C9299854D600BF1A1F /* AlamofireImage in Frameworks */ = {isa = PBXBuildFile; productRef = 3049D9C8299854D600BF1A1F /* AlamofireImage */; };
		3049D9CC299854F500BF1A1F /* UIImageView+Extensions.swift in Sources */ = {isa = PBXBuildFile; fileRef = 3049D9CB299854F500BF1A1F /* UIImageView+Extensions.swift */; };
		3049D9D2299966AC00BF1A1F /* MovieDetailViewController.swift in Sources */ = {isa = PBXBuildFile; fileRef = 3049D9D1299966AC00BF1A1F /* MovieDetailViewController.swift */; };
		3049D9D42999734300BF1A1F /* MovieDetailViewModel.swift in Sources */ = {isa = PBXBuildFile; fileRef = 3049D9D32999734300BF1A1F /* MovieDetailViewModel.swift */; };
		3049D9D62999736500BF1A1F /* MovieDetail.swift in Sources */ = {isa = PBXBuildFile; fileRef = 3049D9D52999736500BF1A1F /* MovieDetail.swift */; };
		3049D9D82999737C00BF1A1F /* Rating.swift in Sources */ = {isa = PBXBuildFile; fileRef = 3049D9D72999737C00BF1A1F /* Rating.swift */; };
		3049D9DA299A398D00BF1A1F /* MovieDetailRepository.swift in Sources */ = {isa = PBXBuildFile; fileRef = 3049D9D9299A398D00BF1A1F /* MovieDetailRepository.swift */; };
		30805BC1299AA96600D6FE08 /* FirebaseAnalytics in Frameworks */ = {isa = PBXBuildFile; productRef = 30805BC0299AA96600D6FE08 /* FirebaseAnalytics */; };
		30805BC3299AA96600D6FE08 /* FirebaseAnalyticsSwift in Frameworks */ = {isa = PBXBuildFile; productRef = 30805BC2299AA96600D6FE08 /* FirebaseAnalyticsSwift */; };
		30805BC5299AA96600D6FE08 /* FirebaseMessaging in Frameworks */ = {isa = PBXBuildFile; productRef = 30805BC4299AA96600D6FE08 /* FirebaseMessaging */; };
		30805BC7299AA96600D6FE08 /* FirebaseRemoteConfig in Frameworks */ = {isa = PBXBuildFile; productRef = 30805BC6299AA96600D6FE08 /* FirebaseRemoteConfig */; };
		30805BC9299AA96600D6FE08 /* FirebaseRemoteConfigSwift in Frameworks */ = {isa = PBXBuildFile; productRef = 30805BC8299AA96600D6FE08 /* FirebaseRemoteConfigSwift */; };
		30805BCC299BB50C00D6FE08 /* FirebaseManager.swift in Sources */ = {isa = PBXBuildFile; fileRef = 30805BCB299BB50C00D6FE08 /* FirebaseManager.swift */; };
		30805BCE299BB5FB00D6FE08 /* remote_config_defaults.plist in Resources */ = {isa = PBXBuildFile; fileRef = 30805BCD299BB5FB00D6FE08 /* remote_config_defaults.plist */; };
		30805BD0299BB71100D6FE08 /* GoogleService-Info.plist in Resources */ = {isa = PBXBuildFile; fileRef = 30805BCF299BB71100D6FE08 /* GoogleService-Info.plist */; };
		30805BD2299BDBF900D6FE08 /* SplashViewController.swift in Sources */ = {isa = PBXBuildFile; fileRef = 30805BD1299BDBF900D6FE08 /* SplashViewController.swift */; };
		30805BD5299BE44900D6FE08 /* Reachability in Frameworks */ = {isa = PBXBuildFile; productRef = 30805BD4299BE44900D6FE08 /* Reachability */; };
		308CA3BB29980AB200E5EFBE /* AppDelegate.swift in Sources */ = {isa = PBXBuildFile; fileRef = 308CA3BA29980AB200E5EFBE /* AppDelegate.swift */; };
		308CA3BD29980AB200E5EFBE /* SceneDelegate.swift in Sources */ = {isa = PBXBuildFile; fileRef = 308CA3BC29980AB200E5EFBE /* SceneDelegate.swift */; };
		308CA3BF29980AB200E5EFBE /* SearchMovieViewController.swift in Sources */ = {isa = PBXBuildFile; fileRef = 308CA3BE29980AB200E5EFBE /* SearchMovieViewController.swift */; };
		308CA3C429980AB300E5EFBE /* Assets.xcassets in Resources */ = {isa = PBXBuildFile; fileRef = 308CA3C329980AB300E5EFBE /* Assets.xcassets */; };
/* End PBXBuildFile section */

/* Begin PBXFileReference section */
		3032FDE8299D078F00826BF4 /* DataModel.xcdatamodel */ = {isa = PBXFileReference; lastKnownFileType = wrapper.xcdatamodel; path = DataModel.xcdatamodel; sourceTree = "<group>"; };
		3032FDEE299D094D00826BF4 /* MovieDetailLocal+CoreDataClass.swift */ = {isa = PBXFileReference; lastKnownFileType = sourcecode.swift; path = "MovieDetailLocal+CoreDataClass.swift"; sourceTree = "<group>"; };
		3032FDEF299D094D00826BF4 /* MovieDetailLocal+CoreDataProperties.swift */ = {isa = PBXFileReference; lastKnownFileType = sourcecode.swift; path = "MovieDetailLocal+CoreDataProperties.swift"; sourceTree = "<group>"; };
		3049D9AE29983D7300BF1A1F /* SearchMovieViewModel.swift */ = {isa = PBXFileReference; lastKnownFileType = sourcecode.swift; path = SearchMovieViewModel.swift; sourceTree = "<group>"; };
		3049D9B129983DB100BF1A1F /* NetworkingLayer.swift */ = {isa = PBXFileReference; lastKnownFileType = sourcecode.swift; path = NetworkingLayer.swift; sourceTree = "<group>"; };
		3049D9B829983EAD00BF1A1F /* SearchMovieRepository.swift */ = {isa = PBXFileReference; lastKnownFileType = sourcecode.swift; path = SearchMovieRepository.swift; sourceTree = "<group>"; };
		3049D9BA29983FC200BF1A1F /* SearchResult.swift */ = {isa = PBXFileReference; lastKnownFileType = sourcecode.swift; path = SearchResult.swift; sourceTree = "<group>"; };
		3049D9BC29983FDC00BF1A1F /* Search.swift */ = {isa = PBXFileReference; lastKnownFileType = sourcecode.swift; path = Search.swift; sourceTree = "<group>"; };
		3049D9C229984B0400BF1A1F /* ResultsViewController.swift */ = {isa = PBXFileReference; lastKnownFileType = sourcecode.swift; path = ResultsViewController.swift; sourceTree = "<group>"; };
		3049D9C529984BAB00BF1A1F /* SearchItemCell.swift */ = {isa = PBXFileReference; lastKnownFileType = sourcecode.swift; path = SearchItemCell.swift; sourceTree = "<group>"; };
		3049D9CB299854F500BF1A1F /* UIImageView+Extensions.swift */ = {isa = PBXFileReference; lastKnownFileType = sourcecode.swift; path = "UIImageView+Extensions.swift"; sourceTree = "<group>"; };
		3049D9D1299966AC00BF1A1F /* MovieDetailViewController.swift */ = {isa = PBXFileReference; lastKnownFileType = sourcecode.swift; path = MovieDetailViewController.swift; sourceTree = "<group>"; };
		3049D9D32999734300BF1A1F /* MovieDetailViewModel.swift */ = {isa = PBXFileReference; lastKnownFileType = sourcecode.swift; path = MovieDetailViewModel.swift; sourceTree = "<group>"; };
		3049D9D52999736500BF1A1F /* MovieDetail.swift */ = {isa = PBXFileReference; lastKnownFileType = sourcecode.swift; path = MovieDetail.swift; sourceTree = "<group>"; };
		3049D9D72999737C00BF1A1F /* Rating.swift */ = {isa = PBXFileReference; lastKnownFileType = sourcecode.swift; path = Rating.swift; sourceTree = "<group>"; };
		3049D9D9299A398D00BF1A1F /* MovieDetailRepository.swift */ = {isa = PBXFileReference; lastKnownFileType = sourcecode.swift; path = MovieDetailRepository.swift; sourceTree = "<group>"; };
		30805BCB299BB50C00D6FE08 /* FirebaseManager.swift */ = {isa = PBXFileReference; lastKnownFileType = sourcecode.swift; path = FirebaseManager.swift; sourceTree = "<group>"; };
		30805BCD299BB5FB00D6FE08 /* remote_config_defaults.plist */ = {isa = PBXFileReference; fileEncoding = 4; lastKnownFileType = text.plist.xml; path = remote_config_defaults.plist; sourceTree = "<group>"; };
		30805BCF299BB71100D6FE08 /* GoogleService-Info.plist */ = {isa = PBXFileReference; fileEncoding = 4; lastKnownFileType = text.plist.xml; path = "GoogleService-Info.plist"; sourceTree = "<group>"; };
		30805BD1299BDBF900D6FE08 /* SplashViewController.swift */ = {isa = PBXFileReference; lastKnownFileType = sourcecode.swift; path = SplashViewController.swift; sourceTree = "<group>"; };
		308CA3B729980AB200E5EFBE /* OMDP.app */ = {isa = PBXFileReference; explicitFileType = wrapper.application; includeInIndex = 0; path = OMDP.app; sourceTree = BUILT_PRODUCTS_DIR; };
		308CA3BA29980AB200E5EFBE /* AppDelegate.swift */ = {isa = PBXFileReference; lastKnownFileType = sourcecode.swift; path = AppDelegate.swift; sourceTree = "<group>"; };
		308CA3BC29980AB200E5EFBE /* SceneDelegate.swift */ = {isa = PBXFileReference; lastKnownFileType = sourcecode.swift; path = SceneDelegate.swift; sourceTree = "<group>"; };
		308CA3BE29980AB200E5EFBE /* SearchMovieViewController.swift */ = {isa = PBXFileReference; lastKnownFileType = sourcecode.swift; path = SearchMovieViewController.swift; sourceTree = "<group>"; };
		308CA3C329980AB300E5EFBE /* Assets.xcassets */ = {isa = PBXFileReference; lastKnownFileType = folder.assetcatalog; path = Assets.xcassets; sourceTree = "<group>"; };
		308CA3C829980AB300E5EFBE /* Info.plist */ = {isa = PBXFileReference; lastKnownFileType = text.plist.xml; path = Info.plist; sourceTree = "<group>"; };
/* End PBXFileReference section */

/* Begin PBXFrameworksBuildPhase section */
		308CA3B429980AB200E5EFBE /* Frameworks */ = {
			isa = PBXFrameworksBuildPhase;
			buildActionMask = 2147483647;
			files = (
				30805BC5299AA96600D6FE08 /* FirebaseMessaging in Frameworks */,
				30805BC9299AA96600D6FE08 /* FirebaseRemoteConfigSwift in Frameworks */,
				3049D9C02998440300BF1A1F /* RxSwift in Frameworks */,
				3049D9B529983E0A00BF1A1F /* Alamofire in Frameworks */,
				30805BD5299BE44900D6FE08 /* Reachability in Frameworks */,
				30805BC7299AA96600D6FE08 /* FirebaseRemoteConfig in Frameworks */,
				30805BC1299AA96600D6FE08 /* FirebaseAnalytics in Frameworks */,
				3049D9C9299854D600BF1A1F /* AlamofireImage in Frameworks */,
				30805BC3299AA96600D6FE08 /* FirebaseAnalyticsSwift in Frameworks */,
			);
			runOnlyForDeploymentPostprocessing = 0;
		};
/* End PBXFrameworksBuildPhase section */

/* Begin PBXGroup section */
		3049D9AD29983D6100BF1A1F /* ViewModel */ = {
			isa = PBXGroup;
			children = (
				3049D9AE29983D7300BF1A1F /* SearchMovieViewModel.swift */,
				3049D9D32999734300BF1A1F /* MovieDetailViewModel.swift */,
			);
			path = ViewModel;
			sourceTree = "<group>";
		};
		3049D9B029983DA500BF1A1F /* Networking */ = {
			isa = PBXGroup;
			children = (
				3049D9B129983DB100BF1A1F /* NetworkingLayer.swift */,
			);
			path = Networking;
			sourceTree = "<group>";
		};
		3049D9B629983E9900BF1A1F /* Model */ = {
			isa = PBXGroup;
			children = (
				3049D9B729983E9D00BF1A1F /* Repository */,
				3032FDEE299D094D00826BF4 /* MovieDetailLocal+CoreDataClass.swift */,
				3032FDEF299D094D00826BF4 /* MovieDetailLocal+CoreDataProperties.swift */,
				3049D9BA29983FC200BF1A1F /* SearchResult.swift */,
				3049D9BC29983FDC00BF1A1F /* Search.swift */,
				3049D9D52999736500BF1A1F /* MovieDetail.swift */,
				3049D9D72999737C00BF1A1F /* Rating.swift */,
			);
			path = Model;
			sourceTree = "<group>";
		};
		3049D9B729983E9D00BF1A1F /* Repository */ = {
			isa = PBXGroup;
			children = (
				3049D9B829983EAD00BF1A1F /* SearchMovieRepository.swift */,
				3049D9D9299A398D00BF1A1F /* MovieDetailRepository.swift */,
			);
			path = Repository;
			sourceTree = "<group>";
		};
		3049D9C1299847D700BF1A1F /* Scenes */ = {
			isa = PBXGroup;
			children = (
				308CA3BE29980AB200E5EFBE /* SearchMovieViewController.swift */,
				3049D9C229984B0400BF1A1F /* ResultsViewController.swift */,
				3049D9D1299966AC00BF1A1F /* MovieDetailViewController.swift */,
				30805BD1299BDBF900D6FE08 /* SplashViewController.swift */,
			);
			path = Scenes;
			sourceTree = "<group>";
		};
		3049D9C429984B8500BF1A1F /* View */ = {
			isa = PBXGroup;
			children = (
				3049D9C529984BAB00BF1A1F /* SearchItemCell.swift */,
			);
			path = View;
			sourceTree = "<group>";
		};
		3049D9CA299854DD00BF1A1F /* Extensions */ = {
			isa = PBXGroup;
			children = (
				3049D9CB299854F500BF1A1F /* UIImageView+Extensions.swift */,
			);
			path = Extensions;
			sourceTree = "<group>";
		};
		30805BCA299BB50000D6FE08 /* Utils */ = {
			isa = PBXGroup;
			children = (
				30805BCB299BB50C00D6FE08 /* FirebaseManager.swift */,
			);
			path = Utils;
			sourceTree = "<group>";
		};
		308CA3AE29980AB200E5EFBE = {
			isa = PBXGroup;
			children = (
				308CA3B929980AB200E5EFBE /* OMDP */,
				308CA3B829980AB200E5EFBE /* Products */,
			);
			sourceTree = "<group>";
		};
		308CA3B829980AB200E5EFBE /* Products */ = {
			isa = PBXGroup;
			children = (
				308CA3B729980AB200E5EFBE /* OMDP.app */,
			);
			name = Products;
			sourceTree = "<group>";
		};
		308CA3B929980AB200E5EFBE /* OMDP */ = {
			isa = PBXGroup;
			children = (
				30805BCA299BB50000D6FE08 /* Utils */,
				3049D9CA299854DD00BF1A1F /* Extensions */,
				3049D9C429984B8500BF1A1F /* View */,
				3049D9C1299847D700BF1A1F /* Scenes */,
				3049D9B629983E9900BF1A1F /* Model */,
				3049D9B029983DA500BF1A1F /* Networking */,
				3049D9AD29983D6100BF1A1F /* ViewModel */,
				3032FDE7299D078F00826BF4 /* DataModel.xcdatamodeld */,
				308CA3BA29980AB200E5EFBE /* AppDelegate.swift */,
				308CA3BC29980AB200E5EFBE /* SceneDelegate.swift */,
				308CA3C329980AB300E5EFBE /* Assets.xcassets */,
				308CA3C829980AB300E5EFBE /* Info.plist */,
				30805BCD299BB5FB00D6FE08 /* remote_config_defaults.plist */,
				30805BCF299BB71100D6FE08 /* GoogleService-Info.plist */,
			);
			path = OMDP;
			sourceTree = "<group>";
		};
/* End PBXGroup section */

/* Begin PBXNativeTarget section */
		308CA3B629980AB200E5EFBE /* OMDP */ = {
			isa = PBXNativeTarget;
			buildConfigurationList = 308CA3CB29980AB300E5EFBE /* Build configuration list for PBXNativeTarget "OMDP" */;
			buildPhases = (
				308CA3B329980AB200E5EFBE /* Sources */,
				308CA3B429980AB200E5EFBE /* Frameworks */,
				308CA3B529980AB200E5EFBE /* Resources */,
			);
			buildRules = (
			);
			dependencies = (
			);
			name = OMDP;
			packageProductDependencies = (
				3049D9B429983E0A00BF1A1F /* Alamofire */,
				3049D9BF2998440300BF1A1F /* RxSwift */,
				3049D9C8299854D600BF1A1F /* AlamofireImage */,
				30805BC0299AA96600D6FE08 /* FirebaseAnalytics */,
				30805BC2299AA96600D6FE08 /* FirebaseAnalyticsSwift */,
				30805BC4299AA96600D6FE08 /* FirebaseMessaging */,
				30805BC6299AA96600D6FE08 /* FirebaseRemoteConfig */,
				30805BC8299AA96600D6FE08 /* FirebaseRemoteConfigSwift */,
				30805BD4299BE44900D6FE08 /* Reachability */,
			);
			productName = OMDP;
			productReference = 308CA3B729980AB200E5EFBE /* OMDP.app */;
			productType = "com.apple.product-type.application";
		};
/* End PBXNativeTarget section */

/* Begin PBXProject section */
		308CA3AF29980AB200E5EFBE /* Project object */ = {
			isa = PBXProject;
			attributes = {
				BuildIndependentTargetsInParallel = 1;
				LastSwiftUpdateCheck = 1410;
				LastUpgradeCheck = 1410;
				TargetAttributes = {
					308CA3B629980AB200E5EFBE = {
						CreatedOnToolsVersion = 14.1;
					};
				};
			};
			buildConfigurationList = 308CA3B229980AB200E5EFBE /* Build configuration list for PBXProject "OMDP" */;
			compatibilityVersion = "Xcode 14.0";
			developmentRegion = en;
			hasScannedForEncodings = 0;
			knownRegions = (
				en,
				Base,
			);
			mainGroup = 308CA3AE29980AB200E5EFBE;
			packageReferences = (
				3049D9B329983E0A00BF1A1F /* XCRemoteSwiftPackageReference "Alamofire" */,
				3049D9BE2998440300BF1A1F /* XCRemoteSwiftPackageReference "RxSwift" */,
				3049D9C7299854D600BF1A1F /* XCRemoteSwiftPackageReference "AlamofireImage" */,
				30805BBF299AA96600D6FE08 /* XCRemoteSwiftPackageReference "firebase-ios-sdk" */,
				30805BD3299BE44900D6FE08 /* XCRemoteSwiftPackageReference "Reachability" */,
			);
			productRefGroup = 308CA3B829980AB200E5EFBE /* Products */;
			projectDirPath = "";
			projectRoot = "";
			targets = (
				308CA3B629980AB200E5EFBE /* OMDP */,
			);
		};
/* End PBXProject section */

/* Begin PBXResourcesBuildPhase section */
		308CA3B529980AB200E5EFBE /* Resources */ = {
			isa = PBXResourcesBuildPhase;
			buildActionMask = 2147483647;
			files = (
				30805BCE299BB5FB00D6FE08 /* remote_config_defaults.plist in Resources */,
				30805BD0299BB71100D6FE08 /* GoogleService-Info.plist in Resources */,
				308CA3C429980AB300E5EFBE /* Assets.xcassets in Resources */,
			);
			runOnlyForDeploymentPostprocessing = 0;
		};
/* End PBXResourcesBuildPhase section */

/* Begin PBXSourcesBuildPhase section */
		308CA3B329980AB200E5EFBE /* Sources */ = {
			isa = PBXSourcesBuildPhase;
			buildActionMask = 2147483647;
			files = (
				3049D9C629984BAB00BF1A1F /* SearchItemCell.swift in Sources */,
				3049D9D62999736500BF1A1F /* MovieDetail.swift in Sources */,
				308CA3BF29980AB200E5EFBE /* SearchMovieViewController.swift in Sources */,
				3032FDF1299D094D00826BF4 /* MovieDetailLocal+CoreDataProperties.swift in Sources */,
				30805BD2299BDBF900D6FE08 /* SplashViewController.swift in Sources */,
				3049D9CC299854F500BF1A1F /* UIImageView+Extensions.swift in Sources */,
				3049D9BB29983FC200BF1A1F /* SearchResult.swift in Sources */,
				3049D9D2299966AC00BF1A1F /* MovieDetailViewController.swift in Sources */,
				3049D9D42999734300BF1A1F /* MovieDetailViewModel.swift in Sources */,
				308CA3BB29980AB200E5EFBE /* AppDelegate.swift in Sources */,
				3032FDF0299D094D00826BF4 /* MovieDetailLocal+CoreDataClass.swift in Sources */,
				3049D9B929983EAD00BF1A1F /* SearchMovieRepository.swift in Sources */,
				3049D9DA299A398D00BF1A1F /* MovieDetailRepository.swift in Sources */,
				3049D9B229983DB100BF1A1F /* NetworkingLayer.swift in Sources */,
				3049D9C329984B0400BF1A1F /* ResultsViewController.swift in Sources */,
				3049D9BD29983FDC00BF1A1F /* Search.swift in Sources */,
				3032FDE9299D078F00826BF4 /* DataModel.xcdatamodeld in Sources */,
				3049D9D82999737C00BF1A1F /* Rating.swift in Sources */,
				308CA3BD29980AB200E5EFBE /* SceneDelegate.swift in Sources */,
				3049D9AF29983D7300BF1A1F /* SearchMovieViewModel.swift in Sources */,
				30805BCC299BB50C00D6FE08 /* FirebaseManager.swift in Sources */,
			);
			runOnlyForDeploymentPostprocessing = 0;
		};
/* End PBXSourcesBuildPhase section */

/* Begin XCBuildConfiguration section */
		308CA3C929980AB300E5EFBE /* Debug */ = {
			isa = XCBuildConfiguration;
			buildSettings = {
				ALWAYS_SEARCH_USER_PATHS = NO;
				CLANG_ANALYZER_NONNULL = YES;
				CLANG_ANALYZER_NUMBER_OBJECT_CONVERSION = YES_AGGRESSIVE;
				CLANG_CXX_LANGUAGE_STANDARD = "gnu++20";
				CLANG_ENABLE_MODULES = YES;
				CLANG_ENABLE_OBJC_ARC = YES;
				CLANG_ENABLE_OBJC_WEAK = YES;
				CLANG_WARN_BLOCK_CAPTURE_AUTORELEASING = YES;
				CLANG_WARN_BOOL_CONVERSION = YES;
				CLANG_WARN_COMMA = YES;
				CLANG_WARN_CONSTANT_CONVERSION = YES;
				CLANG_WARN_DEPRECATED_OBJC_IMPLEMENTATIONS = YES;
				CLANG_WARN_DIRECT_OBJC_ISA_USAGE = YES_ERROR;
				CLANG_WARN_DOCUMENTATION_COMMENTS = YES;
				CLANG_WARN_EMPTY_BODY = YES;
				CLANG_WARN_ENUM_CONVERSION = YES;
				CLANG_WARN_INFINITE_RECURSION = YES;
				CLANG_WARN_INT_CONVERSION = YES;
				CLANG_WARN_NON_LITERAL_NULL_CONVERSION = YES;
				CLANG_WARN_OBJC_IMPLICIT_RETAIN_SELF = YES;
				CLANG_WARN_OBJC_LITERAL_CONVERSION = YES;
				CLANG_WARN_OBJC_ROOT_CLASS = YES_ERROR;
				CLANG_WARN_QUOTED_INCLUDE_IN_FRAMEWORK_HEADER = YES;
				CLANG_WARN_RANGE_LOOP_ANALYSIS = YES;
				CLANG_WARN_STRICT_PROTOTYPES = YES;
				CLANG_WARN_SUSPICIOUS_MOVE = YES;
				CLANG_WARN_UNGUARDED_AVAILABILITY = YES_AGGRESSIVE;
				CLANG_WARN_UNREACHABLE_CODE = YES;
				CLANG_WARN__DUPLICATE_METHOD_MATCH = YES;
				COPY_PHASE_STRIP = NO;
				DEBUG_INFORMATION_FORMAT = dwarf;
				ENABLE_STRICT_OBJC_MSGSEND = YES;
				ENABLE_TESTABILITY = YES;
				GCC_C_LANGUAGE_STANDARD = gnu11;
				GCC_DYNAMIC_NO_PIC = NO;
				GCC_NO_COMMON_BLOCKS = YES;
				GCC_OPTIMIZATION_LEVEL = 0;
				GCC_PREPROCESSOR_DEFINITIONS = (
					"DEBUG=1",
					"$(inherited)",
				);
				GCC_WARN_64_TO_32_BIT_CONVERSION = YES;
				GCC_WARN_ABOUT_RETURN_TYPE = YES_ERROR;
				GCC_WARN_UNDECLARED_SELECTOR = YES;
				GCC_WARN_UNINITIALIZED_AUTOS = YES_AGGRESSIVE;
				GCC_WARN_UNUSED_FUNCTION = YES;
				GCC_WARN_UNUSED_VARIABLE = YES;
				IPHONEOS_DEPLOYMENT_TARGET = 16.1;
				MTL_ENABLE_DEBUG_INFO = INCLUDE_SOURCE;
				MTL_FAST_MATH = YES;
				ONLY_ACTIVE_ARCH = YES;
				SDKROOT = iphoneos;
				SWIFT_ACTIVE_COMPILATION_CONDITIONS = DEBUG;
				SWIFT_OPTIMIZATION_LEVEL = "-Onone";
			};
			name = Debug;
		};
		308CA3CA29980AB300E5EFBE /* Release */ = {
			isa = XCBuildConfiguration;
			buildSettings = {
				ALWAYS_SEARCH_USER_PATHS = NO;
				CLANG_ANALYZER_NONNULL = YES;
				CLANG_ANALYZER_NUMBER_OBJECT_CONVERSION = YES_AGGRESSIVE;
				CLANG_CXX_LANGUAGE_STANDARD = "gnu++20";
				CLANG_ENABLE_MODULES = YES;
				CLANG_ENABLE_OBJC_ARC = YES;
				CLANG_ENABLE_OBJC_WEAK = YES;
				CLANG_WARN_BLOCK_CAPTURE_AUTORELEASING = YES;
				CLANG_WARN_BOOL_CONVERSION = YES;
				CLANG_WARN_COMMA = YES;
				CLANG_WARN_CONSTANT_CONVERSION = YES;
				CLANG_WARN_DEPRECATED_OBJC_IMPLEMENTATIONS = YES;
				CLANG_WARN_DIRECT_OBJC_ISA_USAGE = YES_ERROR;
				CLANG_WARN_DOCUMENTATION_COMMENTS = YES;
				CLANG_WARN_EMPTY_BODY = YES;
				CLANG_WARN_ENUM_CONVERSION = YES;
				CLANG_WARN_INFINITE_RECURSION = YES;
				CLANG_WARN_INT_CONVERSION = YES;
				CLANG_WARN_NON_LITERAL_NULL_CONVERSION = YES;
				CLANG_WARN_OBJC_IMPLICIT_RETAIN_SELF = YES;
				CLANG_WARN_OBJC_LITERAL_CONVERSION = YES;
				CLANG_WARN_OBJC_ROOT_CLASS = YES_ERROR;
				CLANG_WARN_QUOTED_INCLUDE_IN_FRAMEWORK_HEADER = YES;
				CLANG_WARN_RANGE_LOOP_ANALYSIS = YES;
				CLANG_WARN_STRICT_PROTOTYPES = YES;
				CLANG_WARN_SUSPICIOUS_MOVE = YES;
				CLANG_WARN_UNGUARDED_AVAILABILITY = YES_AGGRESSIVE;
				CLANG_WARN_UNREACHABLE_CODE = YES;
				CLANG_WARN__DUPLICATE_METHOD_MATCH = YES;
				COPY_PHASE_STRIP = NO;
				DEBUG_INFORMATION_FORMAT = "dwarf-with-dsym";
				ENABLE_NS_ASSERTIONS = NO;
				ENABLE_STRICT_OBJC_MSGSEND = YES;
				GCC_C_LANGUAGE_STANDARD = gnu11;
				GCC_NO_COMMON_BLOCKS = YES;
				GCC_WARN_64_TO_32_BIT_CONVERSION = YES;
				GCC_WARN_ABOUT_RETURN_TYPE = YES_ERROR;
				GCC_WARN_UNDECLARED_SELECTOR = YES;
				GCC_WARN_UNINITIALIZED_AUTOS = YES_AGGRESSIVE;
				GCC_WARN_UNUSED_FUNCTION = YES;
				GCC_WARN_UNUSED_VARIABLE = YES;
				IPHONEOS_DEPLOYMENT_TARGET = 16.1;
				MTL_ENABLE_DEBUG_INFO = NO;
				MTL_FAST_MATH = YES;
				SDKROOT = iphoneos;
				SWIFT_COMPILATION_MODE = wholemodule;
				SWIFT_OPTIMIZATION_LEVEL = "-O";
				VALIDATE_PRODUCT = YES;
			};
			name = Release;
		};
		308CA3CC29980AB300E5EFBE /* Debug */ = {
			isa = XCBuildConfiguration;
			buildSettings = {
				ASSETCATALOG_COMPILER_APPICON_NAME = AppIcon;
				ASSETCATALOG_COMPILER_GLOBAL_ACCENT_COLOR_NAME = AccentColor;
				CODE_SIGN_STYLE = Automatic;
				CURRENT_PROJECT_VERSION = 1;
				GENERATE_INFOPLIST_FILE = YES;
				INFOPLIST_FILE = OMDP/Info.plist;
				INFOPLIST_KEY_UIApplicationSupportsIndirectInputEvents = YES;
				INFOPLIST_KEY_UILaunchStoryboardName = LaunchScreen;
				INFOPLIST_KEY_UIMainStoryboardFile = "";
				INFOPLIST_KEY_UISupportedInterfaceOrientations_iPad = "UIInterfaceOrientationPortrait UIInterfaceOrientationPortraitUpsideDown UIInterfaceOrientationLandscapeLeft UIInterfaceOrientationLandscapeRight";
				INFOPLIST_KEY_UISupportedInterfaceOrientations_iPhone = "UIInterfaceOrientationPortrait UIInterfaceOrientationLandscapeLeft UIInterfaceOrientationLandscapeRight";
				LD_RUNPATH_SEARCH_PATHS = (
					"$(inherited)",
					"@executable_path/Frameworks",
				);
				MARKETING_VERSION = 1.0;
				PRODUCT_BUNDLE_IDENTIFIER = com.umitemreaydin.OMDP;
				PRODUCT_NAME = "$(TARGET_NAME)";
				SWIFT_EMIT_LOC_STRINGS = YES;
				SWIFT_VERSION = 5.0;
				TARGETED_DEVICE_FAMILY = "1,2";
			};
			name = Debug;
		};
		308CA3CD29980AB300E5EFBE /* Release */ = {
			isa = XCBuildConfiguration;
			buildSettings = {
				ASSETCATALOG_COMPILER_APPICON_NAME = AppIcon;
				ASSETCATALOG_COMPILER_GLOBAL_ACCENT_COLOR_NAME = AccentColor;
				CODE_SIGN_STYLE = Automatic;
				CURRENT_PROJECT_VERSION = 1;
				GENERATE_INFOPLIST_FILE = YES;
				INFOPLIST_FILE = OMDP/Info.plist;
				INFOPLIST_KEY_UIApplicationSupportsIndirectInputEvents = YES;
				INFOPLIST_KEY_UILaunchStoryboardName = LaunchScreen;
				INFOPLIST_KEY_UIMainStoryboardFile = "";
				INFOPLIST_KEY_UISupportedInterfaceOrientations_iPad = "UIInterfaceOrientationPortrait UIInterfaceOrientationPortraitUpsideDown UIInterfaceOrientationLandscapeLeft UIInterfaceOrientationLandscapeRight";
				INFOPLIST_KEY_UISupportedInterfaceOrientations_iPhone = "UIInterfaceOrientationPortrait UIInterfaceOrientationLandscapeLeft UIInterfaceOrientationLandscapeRight";
				LD_RUNPATH_SEARCH_PATHS = (
					"$(inherited)",
					"@executable_path/Frameworks",
				);
				MARKETING_VERSION = 1.0;
				PRODUCT_BUNDLE_IDENTIFIER = com.umitemreaydin.OMDP;
				PRODUCT_NAME = "$(TARGET_NAME)";
				SWIFT_EMIT_LOC_STRINGS = YES;
				SWIFT_VERSION = 5.0;
				TARGETED_DEVICE_FAMILY = "1,2";
			};
			name = Release;
		};
/* End XCBuildConfiguration section */

/* Begin XCConfigurationList section */
		308CA3B229980AB200E5EFBE /* Build configuration list for PBXProject "OMDP" */ = {
			isa = XCConfigurationList;
			buildConfigurations = (
				308CA3C929980AB300E5EFBE /* Debug */,
				308CA3CA29980AB300E5EFBE /* Release */,
			);
			defaultConfigurationIsVisible = 0;
			defaultConfigurationName = Release;
		};
		308CA3CB29980AB300E5EFBE /* Build configuration list for PBXNativeTarget "OMDP" */ = {
			isa = XCConfigurationList;
			buildConfigurations = (
				308CA3CC29980AB300E5EFBE /* Debug */,
				308CA3CD29980AB300E5EFBE /* Release */,
			);
			defaultConfigurationIsVisible = 0;
			defaultConfigurationName = Release;
		};
/* End XCConfigurationList section */

/* Begin XCRemoteSwiftPackageReference section */
		3049D9B329983E0A00BF1A1F /* XCRemoteSwiftPackageReference "Alamofire" */ = {
			isa = XCRemoteSwiftPackageReference;
			repositoryURL = "https://github.com/Alamofire/Alamofire.git";
			requirement = {
				branch = master;
				kind = branch;
			};
		};
		3049D9BE2998440300BF1A1F /* XCRemoteSwiftPackageReference "RxSwift" */ = {
			isa = XCRemoteSwiftPackageReference;
			repositoryURL = "https://github.com/ReactiveX/RxSwift.git";
			requirement = {
				branch = main;
				kind = branch;
			};
		};
		3049D9C7299854D600BF1A1F /* XCRemoteSwiftPackageReference "AlamofireImage" */ = {
			isa = XCRemoteSwiftPackageReference;
			repositoryURL = "https://github.com/Alamofire/AlamofireImage.git";
			requirement = {
				branch = master;
				kind = branch;
			};
		};
		30805BBF299AA96600D6FE08 /* XCRemoteSwiftPackageReference "firebase-ios-sdk" */ = {
			isa = XCRemoteSwiftPackageReference;
			repositoryURL = "https://github.com/firebase/firebase-ios-sdk.git";
			requirement = {
				branch = master;
				kind = branch;
			};
		};
		30805BD3299BE44900D6FE08 /* XCRemoteSwiftPackageReference "Reachability" */ = {
			isa = XCRemoteSwiftPackageReference;
			repositoryURL = "https://github.com/ashleymills/Reachability.swift";
			requirement = {
				branch = master;
				kind = branch;
			};
		};
/* End XCRemoteSwiftPackageReference section */

/* Begin XCSwiftPackageProductDependency section */
		3049D9B429983E0A00BF1A1F /* Alamofire */ = {
			isa = XCSwiftPackageProductDependency;
			package = 3049D9B329983E0A00BF1A1F /* XCRemoteSwiftPackageReference "Alamofire" */;
			productName = Alamofire;
		};
		3049D9BF2998440300BF1A1F /* RxSwift */ = {
			isa = XCSwiftPackageProductDependency;
			package = 3049D9BE2998440300BF1A1F /* XCRemoteSwiftPackageReference "RxSwift" */;
			productName = RxSwift;
		};
		3049D9C8299854D600BF1A1F /* AlamofireImage */ = {
			isa = XCSwiftPackageProductDependency;
			package = 3049D9C7299854D600BF1A1F /* XCRemoteSwiftPackageReference "AlamofireImage" */;
			productName = AlamofireImage;
		};
		30805BC0299AA96600D6FE08 /* FirebaseAnalytics */ = {
			isa = XCSwiftPackageProductDependency;
			package = 30805BBF299AA96600D6FE08 /* XCRemoteSwiftPackageReference "firebase-ios-sdk" */;
			productName = FirebaseAnalytics;
		};
		30805BC2299AA96600D6FE08 /* FirebaseAnalyticsSwift */ = {
			isa = XCSwiftPackageProductDependency;
			package = 30805BBF299AA96600D6FE08 /* XCRemoteSwiftPackageReference "firebase-ios-sdk" */;
			productName = FirebaseAnalyticsSwift;
		};
		30805BC4299AA96600D6FE08 /* FirebaseMessaging */ = {
			isa = XCSwiftPackageProductDependency;
			package = 30805BBF299AA96600D6FE08 /* XCRemoteSwiftPackageReference "firebase-ios-sdk" */;
			productName = FirebaseMessaging;
		};
		30805BC6299AA96600D6FE08 /* FirebaseRemoteConfig */ = {
			isa = XCSwiftPackageProductDependency;
			package = 30805BBF299AA96600D6FE08 /* XCRemoteSwiftPackageReference "firebase-ios-sdk" */;
			productName = FirebaseRemoteConfig;
		};
		30805BC8299AA96600D6FE08 /* FirebaseRemoteConfigSwift */ = {
			isa = XCSwiftPackageProductDependency;
			package = 30805BBF299AA96600D6FE08 /* XCRemoteSwiftPackageReference "firebase-ios-sdk" */;
			productName = FirebaseRemoteConfigSwift;
		};
		30805BD4299BE44900D6FE08 /* Reachability */ = {
			isa = XCSwiftPackageProductDependency;
			package = 30805BD3299BE44900D6FE08 /* XCRemoteSwiftPackageReference "Reachability" */;
			productName = Reachability;
		};
/* End XCSwiftPackageProductDependency section */

/* Begin XCVersionGroup section */
		3032FDE7299D078F00826BF4 /* DataModel.xcdatamodeld */ = {
			isa = XCVersionGroup;
			children = (
				3032FDE8299D078F00826BF4 /* DataModel.xcdatamodel */,
			);
			currentVersion = 3032FDE8299D078F00826BF4 /* DataModel.xcdatamodel */;
			path = DataModel.xcdatamodeld;
			sourceTree = "<group>";
			versionGroupType = wrapper.xcdatamodel;
		};
/* End XCVersionGroup section */
	};
	rootObject = 308CA3AF29980AB200E5EFBE /* Project object */;
}
